
Microsoft Visual Studio Solution File, Format Version 12.00
# Visual Studio 15
VisualStudioVersion = 15.0.27031.1
MinimumVisualStudioVersion = 10.0.40219.1
Project("{9A19103F-16F7-4668-BE54-9A1E7A4F7556}") = "WebEssentials.AspNetCore.Analyzers", "src\WebEssentials.AspNetCore.Analyzers\WebEssentials.AspNetCore.Analyzers.csproj", "{1E954B26-98FB-461D-9730-09E34E200133}"
EndProject
Project("{FAE04EC0-301F-11D3-BF4B-00C04F79EFBC}") = "WebEssentials.AspNetCore.Analyzers.VS", "src\WebEssentials.AspNetCore.Analyzers.VS\WebEssentials.AspNetCore.Analyzers.VS.csproj", "{1D2281D7-ED03-4B0C-A48F-DD6B16DFBF80}"
EndProject
Project("{2150E333-8FDC-42A3-9474-1A3956D46DE8}") = "Solution Items", "Solution Items", "{33FF8EFB-8B8B-410E-A918-A4ACF5E8CFC2}"
	ProjectSection(SolutionItems) = preProject
		.editorconfig = .editorconfig
		appveyor.yml = appveyor.yml
		README.md = README.md
	EndProjectSection
EndProject
Global
	GlobalSection(SolutionConfigurationPlatforms) = preSolution
		Debug|Any CPU = Debug|Any CPU
		Release|Any CPU = Release|Any CPU
	EndGlobalSection
	GlobalSection(ProjectConfigurationPlatforms) = postSolution
		{1E954B26-98FB-461D-9730-09E34E200133}.Debug|Any CPU.ActiveCfg = Debug|Any CPU
		{1E954B26-98FB-461D-9730-09E34E200133}.Debug|Any CPU.Build.0 = Debug|Any CPU
		{1E954B26-98FB-461D-9730-09E34E200133}.Release|Any CPU.ActiveCfg = Release|Any CPU
		{1E954B26-98FB-461D-9730-09E34E200133}.Release|Any CPU.Build.0 = Release|Any CPU
		{1D2281D7-ED03-4B0C-A48F-DD6B16DFBF80}.Debug|Any CPU.ActiveCfg = Debug|Any CPU
		{1D2281D7-ED03-4B0C-A48F-DD6B16DFBF80}.Debug|Any CPU.Build.0 = Debug|Any CPU
		{1D2281D7-ED03-4B0C-A48F-DD6B16DFBF80}.Release|Any CPU.ActiveCfg = Release|Any CPU
		{1D2281D7-ED03-4B0C-A48F-DD6B16DFBF80}.Release|Any CPU.Build.0 = Release|Any CPU
	EndGlobalSection
	GlobalSection(SolutionProperties) = preSolution
		HideSolutionNode = FALSE
	EndGlobalSection
	GlobalSection(ExtensibilityGlobals) = postSolution
		SolutionGuid = {DEEF6343-91A0-48C5-A279-079F00CADED3}
	EndGlobalSection
EndGlobal
